
Microsoft Visual Studio Solution File, Format Version 12.00
# Visual Studio Version 17
VisualStudioVersion = 17.9.34728.123
MinimumVisualStudioVersion = 10.0.40219.1
Project("{FAE04EC0-301F-11D3-BF4B-00C04F79EFBC}") = "LibrcloneLearn0", "LibrcloneLearn0.csproj", "{D3F9F769-3E83-4AAB-A9EE-9E35B5A63832}"
EndProject
Global
	GlobalSection(SolutionConfigurationPlatforms) = preSolution
		Debug|Any CPU = Debug|Any CPU
		Release|Any CPU = Release|Any CPU
	EndGlobalSection
	GlobalSection(ProjectConfigurationPlatforms) = postSolution
		{D3F9F769-3E83-4AAB-A9EE-9E35B5A63832}.Debug|Any CPU.ActiveCfg = Debug|Any CPU
		{D3F9F769-3E83-4AAB-A9EE-9E35B5A63832}.Debug|Any CPU.Build.0 = Debug|Any CPU
		{D3F9F769-3E83-4AAB-A9EE-9E35B5A63832}.Release|Any CPU.ActiveCfg = Release|Any CPU
		{D3F9F769-3E83-4AAB-A9EE-9E35B5A63832}.Release|Any CPU.Build.0 = Release|Any CPU
	EndGlobalSection
	GlobalSection(SolutionProperties) = preSolution
		HideSolutionNode = FALSE
	EndGlobalSection
	GlobalSection(ExtensibilityGlobals) = postSolution
		SolutionGuid = {B5E40C21-1231-442A-8F4B-A64AF27CD1D4}
	EndGlobalSection
EndGlobal
